github.com/tetratelabs/wazero v1.8.2 h1:yIgLR/b2bN31bjxwXHD8a3d+BogigR952csSDdLYEv4=
github.com/tetratelabs/wazero v1.8.2/go.mod h1:yAI0XTsMBhREkM/YDAK/zNou3GoiAce1P6+rp/wQhjs=
github.com/tetratelabs/wazero v1.9.0 h1:IcZ56OuxrtaEz8UYNRHBrUa9bYeX9oVY93KspZZBf/I=
github.com/tetratelabs/wazero v1.9.0/go.mod h1:TSbcXCfFP0L2FGkRPxHphadXPjo1T6W+CseNNY7EkjM=
golang.org/x/text v0.15.0 h1:h1V/4gjBv8v9cjcR6+AR5+/cIYK5N/WAgiv4xlsEtAk=
golang.org/x/text v0.15.0/go.mod h1:18ZOQIKpY8NJVqYksKHtTdi31H5itFRjB5/qKTNYzSU=
golang.org/x/text v0.19.0 h1:kTxAhCbGbxhK0IwgSKiMO5awPoDQ0RpfiVYBfK860YM=
golang.org/x/text v0.19.0/go.mod h1:BuEKDfySbSR4drPmRPG/7iBdf8hvFMuRexcpahXilzY=
golang.org/x/text v0.21.0 h1:zyQAAkrwaneQ066sspRyJaG9VNi/YJ1NfzcGB3hZ/qo=
golang.org/x/text v0.21.0/go.mod h1:4IBbMaMmOPCJ8SecivzSH54+73PCFmPWxNTLm+vZkEQ=
golang.org/x/text v0.22.0 h1:bofq7m3/HAFvbF51jz3Q9wLg3jkvSPuiZu/pD1XwgtM=
golang.org/x/text v0.22.0/go.mod h1:YRoo4H8PVmsu+E3Ou7cqLVH8oXWIHVoX0jqUWALQhfY=
golang.org/x/text v0.23.0 h1:D71I7dUrlY+VX0gQShAThNGHFxZ13dGLBHQLVl1mJlY=
golang.org/x/text v0.23.0/go.mod h1:/BLNzu4aZCJ1+kcD0DNRotWKage4q2rGVAg4o22unh4=
golang.org/x/text v0.24.0 h1:dd5Bzh4yt5KYA8f9CJHCP4FB4D51c2c6JvN37xJJkJ0=
golang.org/x/text v0.24.0/go.mod h1:L8rBsPeo2pSS+xqN0d5u2ikmjtmoJbDBT1b7nHvFCdU=
graphics.gd v0.0.0-20250115192803-cb25f73ace85 h1:pZQyn61RDp2QWrLPOnM2fDREghKcEIeLQao9PCoYP90=
graphics.gd v0.0.0-20250115192803-cb25f73ace85/go.mod h1:Ba6RRAbAUus6SNLWQW0bM1Aw0VWnEYusF/mtd56WmIs=
graphics.gd v0.0.0-20250218093300-7db9c1f06164 h1:hVqdXiND82Uz9eoigCZC4R/qM+OUPeN/eDpjovEO0LE=
graphics.gd v0.0.0-20250218093300-7db9c1f06164/go.mod h1:jB0P4sCh+O8hgbA7gi+C33jraC/tqcByguT4VCbPB2U=
graphics.gd v0.0.0-20250302045815-e95b224ff8a8 h1:Jntmv8mC/SNScpFIk8aymVvD9T9cSbogXPrSP0hbKM8=
graphics.gd v0.0.0-20250302045815-e95b224ff8a8/go.mod h1:jB0P4sCh+O8hgbA7gi+C33jraC/tqcByguT4VCbPB2U=
graphics.gd v0.0.0-20250303045251-01268d739618 h1:Pio2DNGez4gfx0XdV3aLvEB6qxg0edm3rv3ERTwPOP4=
graphics.gd v0.0.0-20250303045251-01268d739618/go.mod h1:jB0P4sCh+O8hgbA7gi+C33jraC/tqcByguT4VCbPB2U=
graphics.gd v0.0.0-20250304060231-b67d1b4a3c7e h1:IuXIFVu56Dv1Xq6hV9FfHT4sWfF6Wkzjz9ieZUDoxQU=
graphics.gd v0.0.0-20250304060231-b67d1b4a3c7e/go.mod h1:jB0P4sCh+O8hgbA7gi+C33jraC/tqcByguT4VCbPB2U=
graphics.gd v0.0.0-20250309061445-e98c866f35bf h1:m0RT+p032v7iGXOon/lYm2PjZUliXRUWFKdwy4pszcU=
graphics.gd v0.0.0-20250309061445-e98c866f35bf/go.mod h1:jB0P4sCh+O8hgbA7gi+C33jraC/tqcByguT4VCbPB2U=
graphics.gd v0.0.0-20250322010628-2783e95fbd29 h1:7RGJBlj10X23wqMvW1DrpugNymccKajlQNFTnP4k4RQ=
graphics.gd v0.0.0-20250322010628-2783e95fbd29/go.mod h1:jB0P4sCh+O8hgbA7gi+C33jraC/tqcByguT4VCbPB2U=
graphics.gd v0.0.0-20250421072543-c834905221fe h1:l0C6XYUfOGdzdLKWzQFGF3aG40JAnFA+58ZNb1SXjvI=
graphics.gd v0.0.0-20250421072543-c834905221fe/go.mod h1:jB0P4sCh+O8hgbA7gi+C33jraC/tqcByguT4VCbPB2U=
graphics.gd v0.0.0-20250426000505-773a6dfbf178 h1:WctvSgSEFtf7+A0YaKkYOlgltGb+5Gk4kkcoOrpaSBo=
graphics.gd v0.0.0-20250426000505-773a6dfbf178/go.mod h1:jB0P4sCh+O8hgbA7gi+C33jraC/tqcByguT4VCbPB2U=
grow.graphics/gd v0.0.0-20240815211949-e3f44d06622e h1:ziUak9dE4h3M2y+MwG1+/bKMwC3y/227z/9wbgpeAgo=
grow.graphics/gd v0.0.0-20240815211949-e3f44d06622e/go.mod h1:2XqsIQrFPtQ2NemYzIK55+/Tzg89zwglWO/UwRhuQeE=
grow.graphics/gd v0.0.0-20241022194933-9578a164b165 h1:/fwppd0K1SGL8dkLGTNNDusLY2zMA7xcZsHSm1cJ5YQ=
grow.graphics/gd v0.0.0-20241022194933-9578a164b165/go.mod h1:Vaqlp7W0hQPvYp8uu648WofkLbtTnkikCuSdrXilXFI=
grow.graphics/rd v0.0.0-20240706100320-00baa9f2a15d h1:+pZ325kp76tdP6LaFZGbvvILzT0JEHTBsqWsGaDickw=
grow.graphics/rd v0.0.0-20240706100320-00baa9f2a15d/go.mod h1:LTLElyAX7gsYU8EPr4JW/CWIaEN6TuB6X4mcdkgV4ys=
grow.graphics/rd v0.0.0-20240706224352-a970c8ef87b1 h1:scpPde86cDlT1MoEGWVS89mF3pkCB8OmBqrYrjBq/qY=
grow.graphics/rd v0.0.0-20240706224352-a970c8ef87b1/go.mod h1:mHzrJaKIGRwkPyotn6ZYWlw+l3tNEMeJDIICCxFeMLg=
grow.graphics/uc v0.0.0-20240128001120-57fde712a2f4 h1:oCxs27eH3FW15+xGaAVsLSp6S9hbZL51sLoSGp5cqIk=
grow.graphics/uc v0.0.0-20240128001120-57fde712a2f4/go.mod h1:rNkUY9tOrmdnN9bjAJkmK8fKT0u6qftXOXitETbIlzo=
grow.graphics/xy v0.0.0-20240603021049-7427233fc3a9 h1:7DTN0CCvKzohFhaeb1vNC1XackvyL4u1UwQDBzQixJo=
grow.graphics/xy v0.0.0-20240603021049-7427233fc3a9/go.mod h1:JwNaWFtFaeSmvp34kveQhSGN8dNowvLlz55K/c9bs1E=
runtime.link v0.0.0-20240712224500-eb0d0c7331a3 h1:W36wzBi9UFnxSTllfK3ek3tmF5E4o82ECVfSmGIUjn0=
runtime.link v0.0.0-20240712224500-eb0d0c7331a3/go.mod h1:/uYnCQF/lqkRLLSGKNtaDAJuc0sEKOH5ftxy7QKtODg=
runtime.link v0.0.0-20241021212621-968973d3b1d7 h1:KlTxtXywGUBiwBoE1kH0DeCZsaquHlAeMMs4W6YzWcE=
runtime.link v0.0.0-20241021212621-968973d3b1d7/go.mod h1:bs9lT/R79BfIAGcCHrCWiEdDec5nUNSBBjDmAvAsasU=
runtime.link v0.0.0-20241203235822-266e6dd4f99d h1:HzPoM8kUlHbNziC53/jrA4x0Su2XGDLU0VAw/xs8goc=
runtime.link v0.0.0-20241203235822-266e6dd4f99d/go.mod h1:bs9lT/R79BfIAGcCHrCWiEdDec5nUNSBBjDmAvAsasU=
runtime.link v0.0.0-20250227020446-f6e80d2cfb2e h1:3PmHOB7/rEmT6XZTtnvNKHk7WQ9hpMylZkQ8lwC98J4=
runtime.link v0.0.0-20250227020446-f6e80d2cfb2e/go.mod h1:13rTs4Rs4/Z512Vh1Rkak+nJUERb9f4MpCZQyUrcTwM=
runtime.link v0.0.0-20250302233944-c090ca2115bd h1:OHEmQINuLIrVsjkp8w+xwRZkFTGIX111irN77bTaWqQ=
runtime.link v0.0.0-20250302233944-c090ca2115bd/go.mod h1:13rTs4Rs4/Z512Vh1Rkak+nJUERb9f4MpCZQyUrcTwM=
runtime.link v0.0.0-20250307034040-539330d519ad h1:Kn7RPsxKd6lKrJge6ZXaPaLQXUJgnVbymy78EIqCTwY=
runtime.link v0.0.0-20250307034040-539330d519ad/go.mod h1:13rTs4Rs4/Z512Vh1Rkak+nJUERb9f4MpCZQyUrcTwM=
runtime.link v0.0.0-20250323233349-f00f69925fba h1:L4unio3DM02ntY7PnXKCL+2O297odQXpQHAk9BsYDFs=
runtime.link v0.0.0-20250323233349-f00f69925fba/go.mod h1:13rTs4Rs4/Z512Vh1Rkak+nJUERb9f4MpCZQyUrcTwM=
runtime.link v0.0.0-20250418060657-b3826493e39c h1:nR0vPr+00bURd/hFQMZRe2ywmh+h0FLCPlpcs+lqRYA=
runtime.link v0.0.0-20250418060657-b3826493e39c/go.mod h1:13rTs4Rs4/Z512Vh1Rkak+nJUERb9f4MpCZQyUrcTwM=
